
Microsoft Visual Studio Solution File, Format Version 11.00
# Visual Studio 2010
Project("{FAE04EC0-301F-11D3-BF4B-00C04F79EFBC}") = "ConsoleAppl", "ConsoleAppl\ConsoleAppl.csproj", "{DBF75541-D5BF-461A-8F14-D738EA5D54D2}"
EndProject
Global
	GlobalSection(SolutionConfigurationPlatforms) = preSolution
		Debug|x86 = Debug|x86
		Release|x86 = Release|x86
	EndGlobalSection
	GlobalSection(ProjectConfigurationPlatforms) = postSolution
		{DBF75541-D5BF-461A-8F14-D738EA5D54D2}.Debug|x86.ActiveCfg = Debug|x86
		{DBF75541-D5BF-461A-8F14-D738EA5D54D2}.Debug|x86.Build.0 = Debug|x86
		{DBF75541-D5BF-461A-8F14-D738EA5D54D2}.Release|x86.ActiveCfg = Release|x86
		{DBF75541-D5BF-461A-8F14-D738EA5D54D2}.Release|x86.Build.0 = Release|x86
	EndGlobalSection
	GlobalSection(SolutionProperties) = preSolution
		HideSolutionNode = FALSE
	EndGlobalSection
EndGlobal
